
Microsoft Visual Studio Solution File, Format Version 12.00
# Visual Studio Version 17
VisualStudioVersion = 17.8.34330.188
MinimumVisualStudioVersion = 10.0.40219.1
Project("{FAE04EC0-301F-11D3-BF4B-00C04F79EFBC}") = "WindowsFormsApp1", "WindowsFormsApp1\WindowsFormsApp1.csproj", "{C2A8C99A-F0FE-461C-BE48-D1A9C9B29387}"
EndProject
Global
	GlobalSection(SolutionConfigurationPlatforms) = preSolution
		Debug|Any CPU = Debug|Any CPU
		Release|Any CPU = Release|Any CPU
	EndGlobalSection
	GlobalSection(ProjectConfigurationPlatforms) = postSolution
		{C2A8C99A-F0FE-461C-BE48-D1A9C9B29387}.Debug|Any CPU.ActiveCfg = Debug|Any CPU
		{C2A8C99A-F0FE-461C-BE48-D1A9C9B29387}.Debug|Any CPU.Build.0 = Debug|Any CPU
		{C2A8C99A-F0FE-461C-BE48-D1A9C9B29387}.Release|Any CPU.ActiveCfg = Release|Any CPU
		{C2A8C99A-F0FE-461C-BE48-D1A9C9B29387}.Release|Any CPU.Build.0 = Release|Any CPU
	EndGlobalSection
	GlobalSection(SolutionProperties) = preSolution
		HideSolutionNode = FALSE
	EndGlobalSection
	GlobalSection(ExtensibilityGlobals) = postSolution
		SolutionGuid = {11B58617-D08E-4E79-A7CA-FEA2022564F1}
	EndGlobalSection
EndGlobal
